// !$*UTF8*$!
{
	archiveVersion = 1;
	classes = {
	};
	objectVersion = 51;
	objects = {

/* Begin PBXBuildFile section */
		20F93011B466B770EF7B4577 /* Pods_Tweetx.framework in Frameworks */ = {isa = PBXBuildFile; fileRef = F946BB4DDF8322989CECB4B8 /* Pods_Tweetx.framework */; };
		42DC062425C9FBF6003E8FB7 /* AppDelegate.swift in Sources */ = {isa = PBXBuildFile; fileRef = 42DC062325C9FBF6003E8FB7 /* AppDelegate.swift */; };
		42DC062D25C9FBFA003E8FB7 /* Assets.xcassets in Resources */ = {isa = PBXBuildFile; fileRef = 42DC062C25C9FBFA003E8FB7 /* Assets.xcassets */; };
		42DC063025C9FBFA003E8FB7 /* LaunchScreen.storyboard in Resources */ = {isa = PBXBuildFile; fileRef = 42DC062E25C9FBFA003E8FB7 /* LaunchScreen.storyboard */; };
		42DC071125CA03AA003E8FB7 /* Common.framework in Frameworks */ = {isa = PBXBuildFile; fileRef = 42DC071025CA03AA003E8FB7 /* Common.framework */; };
		42DC071225CA03AA003E8FB7 /* Common.framework in Embed Frameworks */ = {isa = PBXBuildFile; fileRef = 42DC071025CA03AA003E8FB7 /* Common.framework */; settings = {ATTRIBUTES = (CodeSignOnCopy, RemoveHeadersOnCopy, ); }; };
		42DC071725CA03B3003E8FB7 /* Core.framework in Frameworks */ = {isa = PBXBuildFile; fileRef = 42DC071425CA03B3003E8FB7 /* Core.framework */; };
		42DC071825CA03B3003E8FB7 /* Core.framework in Embed Frameworks */ = {isa = PBXBuildFile; fileRef = 42DC071425CA03B3003E8FB7 /* Core.framework */; settings = {ATTRIBUTES = (CodeSignOnCopy, RemoveHeadersOnCopy, ); }; };
		42DC071925CA03B3003E8FB7 /* Main.framework in Frameworks */ = {isa = PBXBuildFile; fileRef = 42DC071525CA03B3003E8FB7 /* Main.framework */; };
		42DC071A25CA03B3003E8FB7 /* Main.framework in Embed Frameworks */ = {isa = PBXBuildFile; fileRef = 42DC071525CA03B3003E8FB7 /* Main.framework */; settings = {ATTRIBUTES = (CodeSignOnCopy, RemoveHeadersOnCopy, ); }; };
		42DC071B25CA03B3003E8FB7 /* TXKit.framework in Frameworks */ = {isa = PBXBuildFile; fileRef = 42DC071625CA03B3003E8FB7 /* TXKit.framework */; };
		42DC071C25CA03B3003E8FB7 /* TXKit.framework in Embed Frameworks */ = {isa = PBXBuildFile; fileRef = 42DC071625CA03B3003E8FB7 /* TXKit.framework */; settings = {ATTRIBUTES = (CodeSignOnCopy, RemoveHeadersOnCopy, ); }; };
		42DC077525CA062E003E8FB7 /* SourceSansPro-Regular.ttf in Resources */ = {isa = PBXBuildFile; fileRef = 42DC077025CA062C003E8FB7 /* SourceSansPro-Regular.ttf */; };
		42DC077625CA062E003E8FB7 /* SourceSansPro-Light.ttf in Resources */ = {isa = PBXBuildFile; fileRef = 42DC077125CA062D003E8FB7 /* SourceSansPro-Light.ttf */; };
		42DC077725CA062E003E8FB7 /* SourceSansPro-Bold.ttf in Resources */ = {isa = PBXBuildFile; fileRef = 42DC077225CA062D003E8FB7 /* SourceSansPro-Bold.ttf */; };
		42DC077825CA062E003E8FB7 /* SourceSansPro-Black.ttf in Resources */ = {isa = PBXBuildFile; fileRef = 42DC077325CA062E003E8FB7 /* SourceSansPro-Black.ttf */; };
		42DC077925CA062E003E8FB7 /* SourceSansPro-SemiBold.ttf in Resources */ = {isa = PBXBuildFile; fileRef = 42DC077425CA062E003E8FB7 /* SourceSansPro-SemiBold.ttf */; };
		42DC079F25CA093C003E8FB7 /* twitter-animation.json in Resources */ = {isa = PBXBuildFile; fileRef = 42DC079E25CA093C003E8FB7 /* twitter-animation.json */; };
		42DC07A225CA095F003E8FB7 /* Localizable.strings in Resources */ = {isa = PBXBuildFile; fileRef = 42DC07A425CA095F003E8FB7 /* Localizable.strings */; };
		42DC081225CA0E21003E8FB7 /* Launch.framework in Frameworks */ = {isa = PBXBuildFile; fileRef = 42DC081125CA0E21003E8FB7 /* Launch.framework */; };
		42DC081325CA0E21003E8FB7 /* Launch.framework in Embed Frameworks */ = {isa = PBXBuildFile; fileRef = 42DC081125CA0E21003E8FB7 /* Launch.framework */; settings = {ATTRIBUTES = (CodeSignOnCopy, RemoveHeadersOnCopy, ); }; };
		42DC087225CA12CC003E8FB7 /* Onboarding.framework in Frameworks */ = {isa = PBXBuildFile; fileRef = 42DC087125CA12CC003E8FB7 /* Onboarding.framework */; };
		42DC087325CA12CC003E8FB7 /* Onboarding.framework in Embed Frameworks */ = {isa = PBXBuildFile; fileRef = 42DC087125CA12CC003E8FB7 /* Onboarding.framework */; settings = {ATTRIBUTES = (CodeSignOnCopy, RemoveHeadersOnCopy, ); }; };
/* End PBXBuildFile section */

/* Begin PBXCopyFilesBuildPhase section */
		42DC071325CA03AA003E8FB7 /* Embed Frameworks */ = {
			isa = PBXCopyFilesBuildPhase;
			buildActionMask = 2147483647;
			dstPath = "";
			dstSubfolderSpec = 10;
			files = (
				42DC071225CA03AA003E8FB7 /* Common.framework in Embed Frameworks */,
				42DC087325CA12CC003E8FB7 /* Onboarding.framework in Embed Frameworks */,
				42DC081325CA0E21003E8FB7 /* Launch.framework in Embed Frameworks */,
				42DC071A25CA03B3003E8FB7 /* Main.framework in Embed Frameworks */,
				42DC071825CA03B3003E8FB7 /* Core.framework in Embed Frameworks */,
				42DC071C25CA03B3003E8FB7 /* TXKit.framework in Embed Frameworks */,
			);
			name = "Embed Frameworks";
			runOnlyForDeploymentPostprocessing = 0;
		};
/* End PBXCopyFilesBuildPhase section */

/* Begin PBXFileReference section */
		42DC062025C9FBF6003E8FB7 /* Tweetx.app */ = {isa = PBXFileReference; explicitFileType = wrapper.application; includeInIndex = 0; path = Tweetx.app; sourceTree = BUILT_PRODUCTS_DIR; };
		42DC062325C9FBF6003E8FB7 /* AppDelegate.swift */ = {isa = PBXFileReference; lastKnownFileType = sourcecode.swift; path = AppDelegate.swift; sourceTree = "<group>"; };
		42DC062C25C9FBFA003E8FB7 /* Assets.xcassets */ = {isa = PBXFileReference; lastKnownFileType = folder.assetcatalog; path = Assets.xcassets; sourceTree = "<group>"; };
		42DC062F25C9FBFA003E8FB7 /* Base */ = {isa = PBXFileReference; lastKnownFileType = file.storyboard; name = Base; path = Base.lproj/LaunchScreen.storyboard; sourceTree = "<group>"; };
		42DC063125C9FBFA003E8FB7 /* Info.plist */ = {isa = PBXFileReference; lastKnownFileType = text.plist.xml; path = Info.plist; sourceTree = "<group>"; };
		42DC071025CA03AA003E8FB7 /* Common.framework */ = {isa = PBXFileReference; explicitFileType = wrapper.framework; path = Common.framework; sourceTree = BUILT_PRODUCTS_DIR; };
		42DC071425CA03B3003E8FB7 /* Core.framework */ = {isa = PBXFileReference; explicitFileType = wrapper.framework; path = Core.framework; sourceTree = BUILT_PRODUCTS_DIR; };
		42DC071525CA03B3003E8FB7 /* Main.framework */ = {isa = PBXFileReference; explicitFileType = wrapper.framework; path = Main.framework; sourceTree = BUILT_PRODUCTS_DIR; };
		42DC071625CA03B3003E8FB7 /* TXKit.framework */ = {isa = PBXFileReference; explicitFileType = wrapper.framework; path = TXKit.framework; sourceTree = BUILT_PRODUCTS_DIR; };
		42DC077025CA062C003E8FB7 /* SourceSansPro-Regular.ttf */ = {isa = PBXFileReference; lastKnownFileType = file; path = "SourceSansPro-Regular.ttf"; sourceTree = "<group>"; };
		42DC077125CA062D003E8FB7 /* SourceSansPro-Light.ttf */ = {isa = PBXFileReference; lastKnownFileType = file; path = "SourceSansPro-Light.ttf"; sourceTree = "<group>"; };
		42DC077225CA062D003E8FB7 /* SourceSansPro-Bold.ttf */ = {isa = PBXFileReference; lastKnownFileType = file; path = "SourceSansPro-Bold.ttf"; sourceTree = "<group>"; };
		42DC077325CA062E003E8FB7 /* SourceSansPro-Black.ttf */ = {isa = PBXFileReference; lastKnownFileType = file; path = "SourceSansPro-Black.ttf"; sourceTree = "<group>"; };
		42DC077425CA062E003E8FB7 /* SourceSansPro-SemiBold.ttf */ = {isa = PBXFileReference; lastKnownFileType = file; path = "SourceSansPro-SemiBold.ttf"; sourceTree = "<group>"; };
		42DC079E25CA093C003E8FB7 /* twitter-animation.json */ = {isa = PBXFileReference; fileEncoding = 4; lastKnownFileType = text.json; path = "twitter-animation.json"; sourceTree = "<group>"; };
		42DC07A325CA095F003E8FB7 /* en */ = {isa = PBXFileReference; lastKnownFileType = text.plist.strings; name = en; path = en.lproj/Localizable.strings; sourceTree = "<group>"; };
		42DC07A525CA097E003E8FB7 /* ar */ = {isa = PBXFileReference; lastKnownFileType = text.plist.strings; name = ar; path = ar.lproj/Localizable.strings; sourceTree = "<group>"; };
		42DC081125CA0E21003E8FB7 /* Launch.framework */ = {isa = PBXFileReference; explicitFileType = wrapper.framework; path = Launch.framework; sourceTree = BUILT_PRODUCTS_DIR; };
		42DC087125CA12CC003E8FB7 /* Onboarding.framework */ = {isa = PBXFileReference; explicitFileType = wrapper.framework; path = Onboarding.framework; sourceTree = BUILT_PRODUCTS_DIR; };
		CC4C8CA7EE2F0FC3EBA7FF0D /* Pods-Tweetx.debug.xcconfig */ = {isa = PBXFileReference; includeInIndex = 1; lastKnownFileType = text.xcconfig; name = "Pods-Tweetx.debug.xcconfig"; path = "Target Support Files/Pods-Tweetx/Pods-Tweetx.debug.xcconfig"; sourceTree = "<group>"; };
		D9BB44C9FACC88CBCFE0DE22 /* Pods-Tweetx.release.xcconfig */ = {isa = PBXFileReference; includeInIndex = 1; lastKnownFileType = text.xcconfig; name = "Pods-Tweetx.release.xcconfig"; path = "Target Support Files/Pods-Tweetx/Pods-Tweetx.release.xcconfig"; sourceTree = "<group>"; };
		F946BB4DDF8322989CECB4B8 /* Pods_Tweetx.framework */ = {isa = PBXFileReference; explicitFileType = wrapper.framework; includeInIndex = 0; path = Pods_Tweetx.framework; sourceTree = BUILT_PRODUCTS_DIR; };
/* End PBXFileReference section */

/* Begin PBXFrameworksBuildPhase section */
		42DC061D25C9FBF6003E8FB7 /* Frameworks */ = {
			isa = PBXFrameworksBuildPhase;
			buildActionMask = 2147483647;
			files = (
				20F93011B466B770EF7B4577 /* Pods_Tweetx.framework in Frameworks */,
				42DC087225CA12CC003E8FB7 /* Onboarding.framework in Frameworks */,
				42DC071B25CA03B3003E8FB7 /* TXKit.framework in Frameworks */,
				42DC071725CA03B3003E8FB7 /* Core.framework in Frameworks */,
				42DC071125CA03AA003E8FB7 /* Common.framework in Frameworks */,
				42DC071925CA03B3003E8FB7 /* Main.framework in Frameworks */,
				42DC081225CA0E21003E8FB7 /* Launch.framework in Frameworks */,
			);
			runOnlyForDeploymentPostprocessing = 0;
		};
/* End PBXFrameworksBuildPhase section */

/* Begin PBXGroup section */
		4204B27017A1582790B12F84 /* Frameworks */ = {
			isa = PBXGroup;
			children = (
				42DC087125CA12CC003E8FB7 /* Onboarding.framework */,
				42DC081125CA0E21003E8FB7 /* Launch.framework */,
				42DC071425CA03B3003E8FB7 /* Core.framework */,
				42DC071525CA03B3003E8FB7 /* Main.framework */,
				42DC071625CA03B3003E8FB7 /* TXKit.framework */,
				42DC071025CA03AA003E8FB7 /* Common.framework */,
				F946BB4DDF8322989CECB4B8 /* Pods_Tweetx.framework */,
			);
			name = Frameworks;
			sourceTree = "<group>";
		};
		42DC061725C9FBF5003E8FB7 = {
			isa = PBXGroup;
			children = (
				42DC062225C9FBF6003E8FB7 /* Tweetx */,
				42DC062125C9FBF6003E8FB7 /* Products */,
				7098CC97D82D63DEEF73B5AE /* Pods */,
				4204B27017A1582790B12F84 /* Frameworks */,
			);
			sourceTree = "<group>";
		};
		42DC062125C9FBF6003E8FB7 /* Products */ = {
			isa = PBXGroup;
			children = (
				42DC062025C9FBF6003E8FB7 /* Tweetx.app */,
			);
			name = Products;
			sourceTree = "<group>";
		};
		42DC062225C9FBF6003E8FB7 /* Tweetx */ = {
			isa = PBXGroup;
			children = (
				42DC062325C9FBF6003E8FB7 /* AppDelegate.swift */,
				42DC062C25C9FBFA003E8FB7 /* Assets.xcassets */,
				42DC062E25C9FBFA003E8FB7 /* LaunchScreen.storyboard */,
				42DC063125C9FBFA003E8FB7 /* Info.plist */,
				42DC07A425CA095F003E8FB7 /* Localizable.strings */,
				42DC076E25CA060E003E8FB7 /* Resources */,
			);
			path = Tweetx;
			sourceTree = "<group>";
		};
		42DC076E25CA060E003E8FB7 /* Resources */ = {
			isa = PBXGroup;
			children = (
				42DC079D25CA08CC003E8FB7 /* Lottie Animations */,
				42DC076F25CA061A003E8FB7 /* Fonts */,
			);
			path = Resources;
			sourceTree = "<group>";
		};
		42DC076F25CA061A003E8FB7 /* Fonts */ = {
			isa = PBXGroup;
			children = (
				42DC077325CA062E003E8FB7 /* SourceSansPro-Black.ttf */,
				42DC077225CA062D003E8FB7 /* SourceSansPro-Bold.ttf */,
				42DC077125CA062D003E8FB7 /* SourceSansPro-Light.ttf */,
				42DC077025CA062C003E8FB7 /* SourceSansPro-Regular.ttf */,
				42DC077425CA062E003E8FB7 /* SourceSansPro-SemiBold.ttf */,
			);
			path = Fonts;
			sourceTree = "<group>";
		};
		42DC079D25CA08CC003E8FB7 /* Lottie Animations */ = {
			isa = PBXGroup;
			children = (
				42DC079E25CA093C003E8FB7 /* twitter-animation.json */,
			);
			path = "Lottie Animations";
			sourceTree = "<group>";
		};
		7098CC97D82D63DEEF73B5AE /* Pods */ = {
			isa = PBXGroup;
			children = (
				CC4C8CA7EE2F0FC3EBA7FF0D /* Pods-Tweetx.debug.xcconfig */,
				D9BB44C9FACC88CBCFE0DE22 /* Pods-Tweetx.release.xcconfig */,
			);
			path = Pods;
			sourceTree = "<group>";
		};
/* End PBXGroup section */

/* Begin PBXNativeTarget section */
		42DC061F25C9FBF6003E8FB7 /* Tweetx */ = {
			isa = PBXNativeTarget;
			buildConfigurationList = 42DC063425C9FBFA003E8FB7 /* Build configuration list for PBXNativeTarget "Tweetx" */;
			buildPhases = (
				8EAB2BC805C5B330E6F80E0D /* [CP] Check Pods Manifest.lock */,
				42DC061C25C9FBF6003E8FB7 /* Sources */,
				42DC061D25C9FBF6003E8FB7 /* Frameworks */,
				42DC061E25C9FBF6003E8FB7 /* Resources */,
				2781B8671E9D88635E8DF3E2 /* [CP] Embed Pods Frameworks */,
				42DC071325CA03AA003E8FB7 /* Embed Frameworks */,
			);
			buildRules = (
			);
			dependencies = (
			);
			name = Tweetx;
			productName = Tweetx;
			productReference = 42DC062025C9FBF6003E8FB7 /* Tweetx.app */;
			productType = "com.apple.product-type.application";
		};
/* End PBXNativeTarget section */

/* Begin PBXProject section */
		42DC061825C9FBF5003E8FB7 /* Project object */ = {
			isa = PBXProject;
			attributes = {
				LastSwiftUpdateCheck = 1240;
				LastUpgradeCheck = 1240;
				TargetAttributes = {
					42DC061F25C9FBF6003E8FB7 = {
						CreatedOnToolsVersion = 12.4;
					};
				};
			};
			buildConfigurationList = 42DC061B25C9FBF5003E8FB7 /* Build configuration list for PBXProject "Tweetx" */;
			compatibilityVersion = "Xcode 9.3";
			developmentRegion = en;
			hasScannedForEncodings = 0;
			knownRegions = (
				en,
				Base,
				ar,
			);
			mainGroup = 42DC061725C9FBF5003E8FB7;
			productRefGroup = 42DC062125C9FBF6003E8FB7 /* Products */;
			projectDirPath = "";
			projectRoot = "";
			targets = (
				42DC061F25C9FBF6003E8FB7 /* Tweetx */,
			);
		};
/* End PBXProject section */

/* Begin PBXResourcesBuildPhase section */
		42DC061E25C9FBF6003E8FB7 /* Resources */ = {
			isa = PBXResourcesBuildPhase;
			buildActionMask = 2147483647;
			files = (
				42DC063025C9FBFA003E8FB7 /* LaunchScreen.storyboard in Resources */,
				42DC062D25C9FBFA003E8FB7 /* Assets.xcassets in Resources */,
				42DC077725CA062E003E8FB7 /* SourceSansPro-Bold.ttf in Resources */,
				42DC077525CA062E003E8FB7 /* SourceSansPro-Regular.ttf in Resources */,
				42DC07A225CA095F003E8FB7 /* Localizable.strings in Resources */,
				42DC077825CA062E003E8FB7 /* SourceSansPro-Black.ttf in Resources */,
				42DC077625CA062E003E8FB7 /* SourceSansPro-Light.ttf in Resources */,
				42DC079F25CA093C003E8FB7 /* twitter-animation.json in Resources */,
				42DC077925CA062E003E8FB7 /* SourceSansPro-SemiBold.ttf in Resources */,
			);
			runOnlyForDeploymentPostprocessing = 0;
		};
/* End PBXResourcesBuildPhase section */

/* Begin PBXShellScriptBuildPhase section */
		2781B8671E9D88635E8DF3E2 /* [CP] Embed Pods Frameworks */ = {
			isa = PBXShellScriptBuildPhase;
			buildActionMask = 2147483647;
			files = (
			);
			inputFileListPaths = (
				"${PODS_ROOT}/Target Support Files/Pods-Tweetx/Pods-Tweetx-frameworks-${CONFIGURATION}-input-files.xcfilelist",
			);
			name = "[CP] Embed Pods Frameworks";
			outputFileListPaths = (
				"${PODS_ROOT}/Target Support Files/Pods-Tweetx/Pods-Tweetx-frameworks-${CONFIGURATION}-output-files.xcfilelist",
			);
			runOnlyForDeploymentPostprocessing = 0;
			shellPath = /bin/sh;
			shellScript = "\"${PODS_ROOT}/Target Support Files/Pods-Tweetx/Pods-Tweetx-frameworks.sh\"\n";
			showEnvVarsInLog = 0;
		};
		8EAB2BC805C5B330E6F80E0D /* [CP] Check Pods Manifest.lock */ = {
			isa = PBXShellScriptBuildPhase;
			buildActionMask = 2147483647;
			files = (
			);
			inputFileListPaths = (
			);
			inputPaths = (
				"${PODS_PODFILE_DIR_PATH}/Podfile.lock",
				"${PODS_ROOT}/Manifest.lock",
			);
			name = "[CP] Check Pods Manifest.lock";
			outputFileListPaths = (
			);
			outputPaths = (
				"$(DERIVED_FILE_DIR)/Pods-Tweetx-checkManifestLockResult.txt",
			);
			runOnlyForDeploymentPostprocessing = 0;
			shellPath = /bin/sh;
			shellScript = "diff \"${PODS_PODFILE_DIR_PATH}/Podfile.lock\" \"${PODS_ROOT}/Manifest.lock\" > /dev/null\nif [ $? != 0 ] ; then\n    # print error to STDERR\n    echo \"error: The sandbox is not in sync with the Podfile.lock. Run 'pod install' or update your CocoaPods installation.\" >&2\n    exit 1\nfi\n# This output is used by Xcode 'outputs' to avoid re-running this script phase.\necho \"SUCCESS\" > \"${SCRIPT_OUTPUT_FILE_0}\"\n";
			showEnvVarsInLog = 0;
		};
/* End PBXShellScriptBuildPhase section */

/* Begin PBXSourcesBuildPhase section */
		42DC061C25C9FBF6003E8FB7 /* Sources */ = {
			isa = PBXSourcesBuildPhase;
			buildActionMask = 2147483647;
			files = (
				42DC062425C9FBF6003E8FB7 /* AppDelegate.swift in Sources */,
			);
			runOnlyForDeploymentPostprocessing = 0;
		};
/* End PBXSourcesBuildPhase section */

/* Begin PBXVariantGroup section */
		42DC062E25C9FBFA003E8FB7 /* LaunchScreen.storyboard */ = {
			isa = PBXVariantGroup;
			children = (
				42DC062F25C9FBFA003E8FB7 /* Base */,
			);
			name = LaunchScreen.storyboard;
			sourceTree = "<group>";
		};
		42DC07A425CA095F003E8FB7 /* Localizable.strings */ = {
			isa = PBXVariantGroup;
			children = (
				42DC07A325CA095F003E8FB7 /* en */,
				42DC07A525CA097E003E8FB7 /* ar */,
			);
			name = Localizable.strings;
			sourceTree = "<group>";
		};
/* End PBXVariantGroup section */

/* Begin XCBuildConfiguration section */
		42DC063225C9FBFA003E8FB7 /* Debug */ = {
			isa = XCBuildConfiguration;
			buildSettings = {
				ALWAYS_SEARCH_USER_PATHS = NO;
				CLANG_ANALYZER_LOCALIZABILITY_NONLOCALIZED = YES;
				CLANG_ANALYZER_NONNULL = YES;
				CLANG_ANALYZER_NUMBER_OBJECT_CONVERSION = YES_AGGRESSIVE;
				CLANG_CXX_LANGUAGE_STANDARD = "gnu++14";
				CLANG_CXX_LIBRARY = "libc++";
				CLANG_ENABLE_MODULES = YES;
				CLANG_ENABLE_OBJC_ARC = YES;
				CLANG_ENABLE_OBJC_WEAK = YES;
				CLANG_WARN_BLOCK_CAPTURE_AUTORELEASING = YES;
				CLANG_WARN_BOOL_CONVERSION = YES;
				CLANG_WARN_COMMA = YES;
				CLANG_WARN_CONSTANT_CONVERSION = YES;
				CLANG_WARN_DEPRECATED_OBJC_IMPLEMENTATIONS = YES;
				CLANG_WARN_DIRECT_OBJC_ISA_USAGE = YES_ERROR;
				CLANG_WARN_DOCUMENTATION_COMMENTS = YES;
				CLANG_WARN_EMPTY_BODY = YES;
				CLANG_WARN_ENUM_CONVERSION = YES;
				CLANG_WARN_INFINITE_RECURSION = YES;
				CLANG_WARN_INT_CONVERSION = YES;
				CLANG_WARN_NON_LITERAL_NULL_CONVERSION = YES;
				CLANG_WARN_OBJC_IMPLICIT_RETAIN_SELF = YES;
				CLANG_WARN_OBJC_LITERAL_CONVERSION = YES;
				CLANG_WARN_OBJC_ROOT_CLASS = YES_ERROR;
				CLANG_WARN_QUOTED_INCLUDE_IN_FRAMEWORK_HEADER = YES;
				CLANG_WARN_RANGE_LOOP_ANALYSIS = YES;
				CLANG_WARN_STRICT_PROTOTYPES = YES;
				CLANG_WARN_SUSPICIOUS_MOVE = YES;
				CLANG_WARN_UNGUARDED_AVAILABILITY = YES_AGGRESSIVE;
				CLANG_WARN_UNREACHABLE_CODE = YES;
				CLANG_WARN__DUPLICATE_METHOD_MATCH = YES;
				COPY_PHASE_STRIP = NO;
				DEBUG_INFORMATION_FORMAT = dwarf;
				ENABLE_STRICT_OBJC_MSGSEND = YES;
				ENABLE_TESTABILITY = YES;
				GCC_C_LANGUAGE_STANDARD = gnu11;
				GCC_DYNAMIC_NO_PIC = NO;
				GCC_NO_COMMON_BLOCKS = YES;
				GCC_OPTIMIZATION_LEVEL = 0;
				GCC_PREPROCESSOR_DEFINITIONS = (
					"DEBUG=1",
					"$(inherited)",
				);
				GCC_WARN_64_TO_32_BIT_CONVERSION = YES;
				GCC_WARN_ABOUT_RETURN_TYPE = YES_ERROR;
				GCC_WARN_UNDECLARED_SELECTOR = YES;
				GCC_WARN_UNINITIALIZED_AUTOS = YES_AGGRESSIVE;
				GCC_WARN_UNUSED_FUNCTION = YES;
				GCC_WARN_UNUSED_VARIABLE = YES;
				IPHONEOS_DEPLOYMENT_TARGET = 14.4;
				MTL_ENABLE_DEBUG_INFO = INCLUDE_SOURCE;
				MTL_FAST_MATH = YES;
				ONLY_ACTIVE_ARCH = YES;
				SDKROOT = iphoneos;
				SWIFT_ACTIVE_COMPILATION_CONDITIONS = DEBUG;
				SWIFT_OPTIMIZATION_LEVEL = "-Onone";
			};
			name = Debug;
		};
		42DC063325C9FBFA003E8FB7 /* Release */ = {
			isa = XCBuildConfiguration;
			buildSettings = {
				ALWAYS_SEARCH_USER_PATHS = NO;
				CLANG_ANALYZER_LOCALIZABILITY_NONLOCALIZED = YES;
				CLANG_ANALYZER_NONNULL = YES;
				CLANG_ANALYZER_NUMBER_OBJECT_CONVERSION = YES_AGGRESSIVE;
				CLANG_CXX_LANGUAGE_STANDARD = "gnu++14";
				CLANG_CXX_LIBRARY = "libc++";
				CLANG_ENABLE_MODULES = YES;
				CLANG_ENABLE_OBJC_ARC = YES;
				CLANG_ENABLE_OBJC_WEAK = YES;
				CLANG_WARN_BLOCK_CAPTURE_AUTORELEASING = YES;
				CLANG_WARN_BOOL_CONVERSION = YES;
				CLANG_WARN_COMMA = YES;
				CLANG_WARN_CONSTANT_CONVERSION = YES;
				CLANG_WARN_DEPRECATED_OBJC_IMPLEMENTATIONS = YES;
				CLANG_WARN_DIRECT_OBJC_ISA_USAGE = YES_ERROR;
				CLANG_WARN_DOCUMENTATION_COMMENTS = YES;
				CLANG_WARN_EMPTY_BODY = YES;
				CLANG_WARN_ENUM_CONVERSION = YES;
				CLANG_WARN_INFINITE_RECURSION = YES;
				CLANG_WARN_INT_CONVERSION = YES;
				CLANG_WARN_NON_LITERAL_NULL_CONVERSION = YES;
				CLANG_WARN_OBJC_IMPLICIT_RETAIN_SELF = YES;
				CLANG_WARN_OBJC_LITERAL_CONVERSION = YES;
				CLANG_WARN_OBJC_ROOT_CLASS = YES_ERROR;
				CLANG_WARN_QUOTED_INCLUDE_IN_FRAMEWORK_HEADER = YES;
				CLANG_WARN_RANGE_LOOP_ANALYSIS = YES;
				CLANG_WARN_STRICT_PROTOTYPES = YES;
				CLANG_WARN_SUSPICIOUS_MOVE = YES;
				CLANG_WARN_UNGUARDED_AVAILABILITY = YES_AGGRESSIVE;
				CLANG_WARN_UNREACHABLE_CODE = YES;
				CLANG_WARN__DUPLICATE_METHOD_MATCH = YES;
				COPY_PHASE_STRIP = NO;
				DEBUG_INFORMATION_FORMAT = "dwarf-with-dsym";
				ENABLE_NS_ASSERTIONS = NO;
				ENABLE_STRICT_OBJC_MSGSEND = YES;
				GCC_C_LANGUAGE_STANDARD = gnu11;
				GCC_NO_COMMON_BLOCKS = YES;
				GCC_WARN_64_TO_32_BIT_CONVERSION = YES;
				GCC_WARN_ABOUT_RETURN_TYPE = YES_ERROR;
				GCC_WARN_UNDECLARED_SELECTOR = YES;
				GCC_WARN_UNINITIALIZED_AUTOS = YES_AGGRESSIVE;
				GCC_WARN_UNUSED_FUNCTION = YES;
				GCC_WARN_UNUSED_VARIABLE = YES;
				IPHONEOS_DEPLOYMENT_TARGET = 14.4;
				MTL_ENABLE_DEBUG_INFO = NO;
				MTL_FAST_MATH = YES;
				SDKROOT = iphoneos;
				SWIFT_COMPILATION_MODE = wholemodule;
				SWIFT_OPTIMIZATION_LEVEL = "-O";
				VALIDATE_PRODUCT = YES;
			};
			name = Release;
		};
		42DC063525C9FBFA003E8FB7 /* Debug */ = {
			isa = XCBuildConfiguration;
			baseConfigurationReference = CC4C8CA7EE2F0FC3EBA7FF0D /* Pods-Tweetx.debug.xcconfig */;
			buildSettings = {
				ASSETCATALOG_COMPILER_APPICON_NAME = AppIcon;
				ASSETCATALOG_COMPILER_GLOBAL_ACCENT_COLOR_NAME = AccentColor;
				CODE_SIGN_STYLE = Automatic;
				DEVELOPMENT_TEAM = E35QS8KXV6;
				INFOPLIST_FILE = Tweetx/Info.plist;
				IPHONEOS_DEPLOYMENT_TARGET = 12.1;
				LD_RUNPATH_SEARCH_PATHS = (
					"$(inherited)",
					"@executable_path/Frameworks",
				);
				PRODUCT_BUNDLE_IDENTIFIER = me.mariomouris.Tweetx;
				PRODUCT_NAME = "$(TARGET_NAME)";
				SWIFT_VERSION = 5.0;
				TARGETED_DEVICE_FAMILY = "1,2";
			};
			name = Debug;
		};
		42DC063625C9FBFA003E8FB7 /* Release */ = {
			isa = XCBuildConfiguration;
			baseConfigurationReference = D9BB44C9FACC88CBCFE0DE22 /* Pods-Tweetx.release.xcconfig */;
			buildSettings = {
				ASSETCATALOG_COMPILER_APPICON_NAME = AppIcon;
				ASSETCATALOG_COMPILER_GLOBAL_ACCENT_COLOR_NAME = AccentColor;
				CODE_SIGN_STYLE = Automatic;
				DEVELOPMENT_TEAM = E35QS8KXV6;
				INFOPLIST_FILE = Tweetx/Info.plist;
				IPHONEOS_DEPLOYMENT_TARGET = 12.1;
				LD_RUNPATH_SEARCH_PATHS = (
					"$(inherited)",
					"@executable_path/Frameworks",
				);
				PRODUCT_BUNDLE_IDENTIFIER = me.mariomouris.Tweetx;
				PRODUCT_NAME = "$(TARGET_NAME)";
				SWIFT_VERSION = 5.0;
				TARGETED_DEVICE_FAMILY = "1,2";
			};
			name = Release;
		};
/* End XCBuildConfiguration section */

/* Begin XCConfigurationList section */
		42DC061B25C9FBF5003E8FB7 /* Build configuration list for PBXProject "Tweetx" */ = {
			isa = XCConfigurationList;
			buildConfigurations = (
				42DC063225C9FBFA003E8FB7 /* Debug */,
				42DC063325C9FBFA003E8FB7 /* Release */,
			);
			defaultConfigurationIsVisible = 0;
			defaultConfigurationName = Release;
		};
		42DC063425C9FBFA003E8FB7 /* Build configuration list for PBXNativeTarget "Tweetx" */ = {
			isa = XCConfigurationList;
			buildConfigurations = (
				42DC063525C9FBFA003E8FB7 /* Debug */,
				42DC063625C9FBFA003E8FB7 /* Release */,
			);
			defaultConfigurationIsVisible = 0;
			defaultConfigurationName = Release;
		};
/* End XCConfigurationList section */
	};
	rootObject = 42DC061825C9FBF5003E8FB7 /* Project object */;
}
